
Microsoft Visual Studio Solution File, Format Version 12.00
# Visual Studio Version 17
VisualStudioVersion = 17.3.32819.101
MinimumVisualStudioVersion = 10.0.40219.1
Project("{FAE04EC0-301F-11D3-BF4B-00C04F79EFBC}") = "SocialNetwork.Forms", "SocialNetwork.Forms\SocialNetwork.Forms.csproj", "{906A24DF-C9A0-4237-89B1-9DEDAD2A0A38}"
EndProject
Project("{FAE04EC0-301F-11D3-BF4B-00C04F79EFBC}") = "SocialNetwork.Domain", "SocialNetwork.Domain\SocialNetwork.Domain.csproj", "{B7D4B800-4624-45E5-BB69-B54A8D3CAD60}"
EndProject
Global
	GlobalSection(SolutionConfigurationPlatforms) = preSolution
		Debug|Any CPU = Debug|Any CPU
		Release|Any CPU = Release|Any CPU
	EndGlobalSection
	GlobalSection(ProjectConfigurationPlatforms) = postSolution
		{906A24DF-C9A0-4237-89B1-9DEDAD2A0A38}.Debug|Any CPU.ActiveCfg = Debug|Any CPU
		{906A24DF-C9A0-4237-89B1-9DEDAD2A0A38}.Debug|Any CPU.Build.0 = Debug|Any CPU
		{906A24DF-C9A0-4237-89B1-9DEDAD2A0A38}.Release|Any CPU.ActiveCfg = Release|Any CPU
		{906A24DF-C9A0-4237-89B1-9DEDAD2A0A38}.Release|Any CPU.Build.0 = Release|Any CPU
		{B7D4B800-4624-45E5-BB69-B54A8D3CAD60}.Debug|Any CPU.ActiveCfg = Debug|Any CPU
		{B7D4B800-4624-45E5-BB69-B54A8D3CAD60}.Debug|Any CPU.Build.0 = Debug|Any CPU
		{B7D4B800-4624-45E5-BB69-B54A8D3CAD60}.Release|Any CPU.ActiveCfg = Release|Any CPU
		{B7D4B800-4624-45E5-BB69-B54A8D3CAD60}.Release|Any CPU.Build.0 = Release|Any CPU
	EndGlobalSection
	GlobalSection(SolutionProperties) = preSolution
		HideSolutionNode = FALSE
	EndGlobalSection
	GlobalSection(ExtensibilityGlobals) = postSolution
		SolutionGuid = {2D4E4DF9-E680-4982-8A04-FC14576BF49A}
	EndGlobalSection
EndGlobal
